
Microsoft Visual Studio Solution File, Format Version 12.00
# Visual Studio Version 17
VisualStudioVersion = 17.4.33110.190
MinimumVisualStudioVersion = 12.0.21005.1
Project("{9A19103F-16F7-4668-BE54-9A1E7A4F7556}") = "TestClient", "TestClient\TestClient.csproj", "{77FC0E92-A49B-4650-BE0E-5779B29A3244}"
EndProject
Project("{9A19103F-16F7-4668-BE54-9A1E7A4F7556}") = "MultiSupplierMTPlugin", "MultiSupplierMTPlugin\MultiSupplierMTPlugin.csproj", "{79FCC726-7F7C-45AC-9EAF-1F46E09F73B8}"
EndProject
Project("{FAE04EC0-301F-11D3-BF4B-00C04F79EFBC}") = "DllGenerator", "DllGenerator\DllGenerator.csproj", "{AA299618-13A7-4CC8-A997-86C3A77B2094}"
	ProjectSection(ProjectDependencies) = postProject
		{79FCC726-7F7C-45AC-9EAF-1F46E09F73B8} = {79FCC726-7F7C-45AC-9EAF-1F46E09F73B8}
	EndProjectSection
EndProject
Project("{D954291E-2A0B-460D-934E-DC6B0785DB48}") = "MemoQ.PreviewInterfaces", "MemoQ.PreviewInterfaces\MemoQ.PreviewInterfaces.shproj", "{E307D279-8480-4967-A94F-6C89764E27FE}"
EndProject
Global
	GlobalSection(SolutionConfigurationPlatforms) = preSolution
		Debug|Any CPU = Debug|Any CPU
		Release|Any CPU = Release|Any CPU
	EndGlobalSection
	GlobalSection(ProjectConfigurationPlatforms) = postSolution
		{77FC0E92-A49B-4650-BE0E-5779B29A3244}.Debug|Any CPU.ActiveCfg = Debug|Any CPU
		{77FC0E92-A49B-4650-BE0E-5779B29A3244}.Debug|Any CPU.Build.0 = Debug|Any CPU
		{77FC0E92-A49B-4650-BE0E-5779B29A3244}.Release|Any CPU.ActiveCfg = Release|Any CPU
		{77FC0E92-A49B-4650-BE0E-5779B29A3244}.Release|Any CPU.Build.0 = Release|Any CPU
		{79FCC726-7F7C-45AC-9EAF-1F46E09F73B8}.Debug|Any CPU.ActiveCfg = Debug|Any CPU
		{79FCC726-7F7C-45AC-9EAF-1F46E09F73B8}.Debug|Any CPU.Build.0 = Debug|Any CPU
		{79FCC726-7F7C-45AC-9EAF-1F46E09F73B8}.Release|Any CPU.ActiveCfg = Release|Any CPU
		{79FCC726-7F7C-45AC-9EAF-1F46E09F73B8}.Release|Any CPU.Build.0 = Release|Any CPU
		{AA299618-13A7-4CC8-A997-86C3A77B2094}.Debug|Any CPU.ActiveCfg = Debug|Any CPU
		{AA299618-13A7-4CC8-A997-86C3A77B2094}.Debug|Any CPU.Build.0 = Debug|Any CPU
		{AA299618-13A7-4CC8-A997-86C3A77B2094}.Release|Any CPU.ActiveCfg = Release|Any CPU
		{AA299618-13A7-4CC8-A997-86C3A77B2094}.Release|Any CPU.Build.0 = Release|Any CPU
	EndGlobalSection
	GlobalSection(SolutionProperties) = preSolution
		HideSolutionNode = FALSE
	EndGlobalSection
	GlobalSection(ExtensibilityGlobals) = postSolution
		SolutionGuid = {7C7DFA53-17A3-4FFF-B17A-4051192A522E}
	EndGlobalSection
	GlobalSection(SharedMSBuildProjectFiles) = preSolution
		MemoQ.PreviewInterfaces\MemoQ.PreviewInterfaces.projitems*{79fcc726-7f7c-45ac-9eaf-1f46e09f73b8}*SharedItemsImports = 5
		MemoQ.PreviewInterfaces\MemoQ.PreviewInterfaces.projitems*{e307d279-8480-4967-a94f-6c89764e27fe}*SharedItemsImports = 13
	EndGlobalSection
EndGlobal
